source 'http://rubygems.org/'

# Local path to load the gem from
gem 'net-ssh-socks', path: '.'

# Project dependencies
gem 'net-ssh', '2.1.4'

# Groups for environment-specific dependencies
group :development, :test do
  gem 'rspec-rails', '~> 5.0'
  gem 'factory_bot_rails'
end

# Additional sources for gems (if needed)
# source 'https://another-gem-source.com'
